// !$*UTF8*$!
{
	archiveVersion = 1;
	classes = {
	};
	objectVersion = 56;
	objects = {

/* Begin PBXBuildFile section */
		364392B62B6040D300947EB8 /* AudioBooksApp.swift in Sources */ = {isa = PBXBuildFile; fileRef = 364392B52B6040D300947EB8 /* AudioBooksApp.swift */; };
		364392B82B6040D300947EB8 /* BookshelfView.swift in Sources */ = {isa = PBXBuildFile; fileRef = 364392B72B6040D300947EB8 /* BookshelfView.swift */; };
		364392BA2B6040D500947EB8 /* Assets.xcassets in Resources */ = {isa = PBXBuildFile; fileRef = 364392B92B6040D500947EB8 /* Assets.xcassets */; };
		364392BD2B6040D500947EB8 /* Preview Assets.xcassets in Resources */ = {isa = PBXBuildFile; fileRef = 364392BC2B6040D500947EB8 /* Preview Assets.xcassets */; };
		364392C42B60417500947EB8 /* BookshelfViewModel.swift in Sources */ = {isa = PBXBuildFile; fileRef = 364392C32B60417500947EB8 /* BookshelfViewModel.swift */; };
		364392C62B6042E600947EB8 /* Book.swift in Sources */ = {isa = PBXBuildFile; fileRef = 364392C52B6042E600947EB8 /* Book.swift */; };
		364392C82B60494800947EB8 /* BookTitleView.swift in Sources */ = {isa = PBXBuildFile; fileRef = 364392C72B60494800947EB8 /* BookTitleView.swift */; };
		364392CA2B604F7200947EB8 /* BookDetailView.swift in Sources */ = {isa = PBXBuildFile; fileRef = 364392C92B604F7200947EB8 /* BookDetailView.swift */; };
		367467182B61523A0077D7FC /* ListenButton.swift in Sources */ = {isa = PBXBuildFile; fileRef = 367467172B61523A0077D7FC /* ListenButton.swift */; };
		3674671A2B61549B0077D7FC /* SafariView.swift in Sources */ = {isa = PBXBuildFile; fileRef = 367467192B61549B0077D7FC /* SafariView.swift */; };
/* End PBXBuildFile section */

/* Begin PBXFileReference section */
		364392B22B6040D300947EB8 /* AudioBooks.app */ = {isa = PBXFileReference; explicitFileType = wrapper.application; includeInIndex = 0; path = AudioBooks.app; sourceTree = BUILT_PRODUCTS_DIR; };
		364392B52B6040D300947EB8 /* AudioBooksApp.swift */ = {isa = PBXFileReference; lastKnownFileType = sourcecode.swift; path = AudioBooksApp.swift; sourceTree = "<group>"; };
		364392B72B6040D300947EB8 /* BookshelfView.swift */ = {isa = PBXFileReference; lastKnownFileType = sourcecode.swift; path = BookshelfView.swift; sourceTree = "<group>"; };
		364392B92B6040D500947EB8 /* Assets.xcassets */ = {isa = PBXFileReference; lastKnownFileType = folder.assetcatalog; path = Assets.xcassets; sourceTree = "<group>"; };
		364392BC2B6040D500947EB8 /* Preview Assets.xcassets */ = {isa = PBXFileReference; lastKnownFileType = folder.assetcatalog; path = "Preview Assets.xcassets"; sourceTree = "<group>"; };
		364392C32B60417500947EB8 /* BookshelfViewModel.swift */ = {isa = PBXFileReference; lastKnownFileType = sourcecode.swift; path = BookshelfViewModel.swift; sourceTree = "<group>"; };
		364392C52B6042E600947EB8 /* Book.swift */ = {isa = PBXFileReference; lastKnownFileType = sourcecode.swift; path = Book.swift; sourceTree = "<group>"; };
		364392C72B60494800947EB8 /* BookTitleView.swift */ = {isa = PBXFileReference; lastKnownFileType = sourcecode.swift; path = BookTitleView.swift; sourceTree = "<group>"; };
		364392C92B604F7200947EB8 /* BookDetailView.swift */ = {isa = PBXFileReference; lastKnownFileType = sourcecode.swift; path = BookDetailView.swift; sourceTree = "<group>"; };
		367467172B61523A0077D7FC /* ListenButton.swift */ = {isa = PBXFileReference; lastKnownFileType = sourcecode.swift; path = ListenButton.swift; sourceTree = "<group>"; };
		367467192B61549B0077D7FC /* SafariView.swift */ = {isa = PBXFileReference; lastKnownFileType = sourcecode.swift; path = SafariView.swift; sourceTree = "<group>"; };
/* End PBXFileReference section */

/* Begin PBXFrameworksBuildPhase section */
		364392AF2B6040D300947EB8 /* Frameworks */ = {
			isa = PBXFrameworksBuildPhase;
			buildActionMask = 2147483647;
			files = (
			);
			runOnlyForDeploymentPostprocessing = 0;
		};
/* End PBXFrameworksBuildPhase section */

/* Begin PBXGroup section */
		364392A92B6040D300947EB8 = {
			isa = PBXGroup;
			children = (
				364392B42B6040D300947EB8 /* AudioBooks */,
				364392B32B6040D300947EB8 /* Products */,
			);
			sourceTree = "<group>";
		};
		364392B32B6040D300947EB8 /* Products */ = {
			isa = PBXGroup;
			children = (
				364392B22B6040D300947EB8 /* AudioBooks.app */,
			);
			name = Products;
			sourceTree = "<group>";
		};
		364392B42B6040D300947EB8 /* AudioBooks */ = {
			isa = PBXGroup;
			children = (
				364392B52B6040D300947EB8 /* AudioBooksApp.swift */,
				3674671B2B6158FA0077D7FC /* UIKit */,
				3674671D2B6159590077D7FC /* Model */,
				3674671C2B6159270077D7FC /* Views */,
				364392B72B6040D300947EB8 /* BookshelfView.swift */,
				364392C32B60417500947EB8 /* BookshelfViewModel.swift */,
				364392B92B6040D500947EB8 /* Assets.xcassets */,
				364392BB2B6040D500947EB8 /* Preview Content */,
			);
			path = AudioBooks;
			sourceTree = "<group>";
		};
		364392BB2B6040D500947EB8 /* Preview Content */ = {
			isa = PBXGroup;
			children = (
				364392BC2B6040D500947EB8 /* Preview Assets.xcassets */,
			);
			path = "Preview Content";
			sourceTree = "<group>";
		};
		3674671B2B6158FA0077D7FC /* UIKit */ = {
			isa = PBXGroup;
			children = (
				367467192B61549B0077D7FC /* SafariView.swift */,
			);
			path = UIKit;
			sourceTree = "<group>";
		};
		3674671C2B6159270077D7FC /* Views */ = {
			isa = PBXGroup;
			children = (
				364392C72B60494800947EB8 /* BookTitleView.swift */,
				364392C92B604F7200947EB8 /* BookDetailView.swift */,
				367467172B61523A0077D7FC /* ListenButton.swift */,
			);
			path = Views;
			sourceTree = "<group>";
		};
		3674671D2B6159590077D7FC /* Model */ = {
			isa = PBXGroup;
			children = (
				364392C52B6042E600947EB8 /* Book.swift */,
			);
			path = Model;
			sourceTree = "<group>";
		};
/* End PBXGroup section */

/* Begin PBXNativeTarget section */
		364392B12B6040D300947EB8 /* AudioBooks */ = {
			isa = PBXNativeTarget;
			buildConfigurationList = 364392C02B6040D500947EB8 /* Build configuration list for PBXNativeTarget "AudioBooks" */;
			buildPhases = (
				364392AE2B6040D300947EB8 /* Sources */,
				364392AF2B6040D300947EB8 /* Frameworks */,
				364392B02B6040D300947EB8 /* Resources */,
			);
			buildRules = (
			);
			dependencies = (
			);
			name = AudioBooks;
			productName = AudioBooks;
			productReference = 364392B22B6040D300947EB8 /* AudioBooks.app */;
			productType = "com.apple.product-type.application";
		};
/* End PBXNativeTarget section */

/* Begin PBXProject section */
		364392AA2B6040D300947EB8 /* Project object */ = {
			isa = PBXProject;
			attributes = {
				BuildIndependentTargetsInParallel = 1;
				LastSwiftUpdateCheck = 1430;
				LastUpgradeCheck = 1430;
				TargetAttributes = {
					364392B12B6040D300947EB8 = {
						CreatedOnToolsVersion = 14.3;
					};
				};
			};
			buildConfigurationList = 364392AD2B6040D300947EB8 /* Build configuration list for PBXProject "AudioBooks" */;
			compatibilityVersion = "Xcode 14.0";
			developmentRegion = en;
			hasScannedForEncodings = 0;
			knownRegions = (
				en,
				Base,
			);
			mainGroup = 364392A92B6040D300947EB8;
			productRefGroup = 364392B32B6040D300947EB8 /* Products */;
			projectDirPath = "";
			projectRoot = "";
			targets = (
				364392B12B6040D300947EB8 /* AudioBooks */,
			);
		};
/* End PBXProject section */

/* Begin PBXResourcesBuildPhase section */
		364392B02B6040D300947EB8 /* Resources */ = {
			isa = PBXResourcesBuildPhase;
			buildActionMask = 2147483647;
			files = (
				364392BD2B6040D500947EB8 /* Preview Assets.xcassets in Resources */,
				364392BA2B6040D500947EB8 /* Assets.xcassets in Resources */,
			);
			runOnlyForDeploymentPostprocessing = 0;
		};
/* End PBXResourcesBuildPhase section */

/* Begin PBXSourcesBuildPhase section */
		364392AE2B6040D300947EB8 /* Sources */ = {
			isa = PBXSourcesBuildPhase;
			buildActionMask = 2147483647;
			files = (
				364392C62B6042E600947EB8 /* Book.swift in Sources */,
				367467182B61523A0077D7FC /* ListenButton.swift in Sources */,
				364392C42B60417500947EB8 /* BookshelfViewModel.swift in Sources */,
				364392C82B60494800947EB8 /* BookTitleView.swift in Sources */,
				3674671A2B61549B0077D7FC /* SafariView.swift in Sources */,
				364392B82B6040D300947EB8 /* BookshelfView.swift in Sources */,
				364392CA2B604F7200947EB8 /* BookDetailView.swift in Sources */,
				364392B62B6040D300947EB8 /* AudioBooksApp.swift in Sources */,
			);
			runOnlyForDeploymentPostprocessing = 0;
		};
/* End PBXSourcesBuildPhase section */

/* Begin XCBuildConfiguration section */
		364392BE2B6040D500947EB8 /* Debug */ = {
			isa = XCBuildConfiguration;
			buildSettings = {
				ALWAYS_SEARCH_USER_PATHS = NO;
				CLANG_ANALYZER_NONNULL = YES;
				CLANG_ANALYZER_NUMBER_OBJECT_CONVERSION = YES_AGGRESSIVE;
				CLANG_CXX_LANGUAGE_STANDARD = "gnu++20";
				CLANG_ENABLE_MODULES = YES;
				CLANG_ENABLE_OBJC_ARC = YES;
				CLANG_ENABLE_OBJC_WEAK = YES;
				CLANG_WARN_BLOCK_CAPTURE_AUTORELEASING = YES;
				CLANG_WARN_BOOL_CONVERSION = YES;
				CLANG_WARN_COMMA = YES;
				CLANG_WARN_CONSTANT_CONVERSION = YES;
				CLANG_WARN_DEPRECATED_OBJC_IMPLEMENTATIONS = YES;
				CLANG_WARN_DIRECT_OBJC_ISA_USAGE = YES_ERROR;
				CLANG_WARN_DOCUMENTATION_COMMENTS = YES;
				CLANG_WARN_EMPTY_BODY = YES;
				CLANG_WARN_ENUM_CONVERSION = YES;
				CLANG_WARN_INFINITE_RECURSION = YES;
				CLANG_WARN_INT_CONVERSION = YES;
				CLANG_WARN_NON_LITERAL_NULL_CONVERSION = YES;
				CLANG_WARN_OBJC_IMPLICIT_RETAIN_SELF = YES;
				CLANG_WARN_OBJC_LITERAL_CONVERSION = YES;
				CLANG_WARN_OBJC_ROOT_CLASS = YES_ERROR;
				CLANG_WARN_QUOTED_INCLUDE_IN_FRAMEWORK_HEADER = YES;
				CLANG_WARN_RANGE_LOOP_ANALYSIS = YES;
				CLANG_WARN_STRICT_PROTOTYPES = YES;
				CLANG_WARN_SUSPICIOUS_MOVE = YES;
				CLANG_WARN_UNGUARDED_AVAILABILITY = YES_AGGRESSIVE;
				CLANG_WARN_UNREACHABLE_CODE = YES;
				CLANG_WARN__DUPLICATE_METHOD_MATCH = YES;
				COPY_PHASE_STRIP = NO;
				DEBUG_INFORMATION_FORMAT = dwarf;
				ENABLE_STRICT_OBJC_MSGSEND = YES;
				ENABLE_TESTABILITY = YES;
				GCC_C_LANGUAGE_STANDARD = gnu11;
				GCC_DYNAMIC_NO_PIC = NO;
				GCC_NO_COMMON_BLOCKS = YES;
				GCC_OPTIMIZATION_LEVEL = 0;
				GCC_PREPROCESSOR_DEFINITIONS = (
					"DEBUG=1",
					"$(inherited)",
				);
				GCC_WARN_64_TO_32_BIT_CONVERSION = YES;
				GCC_WARN_ABOUT_RETURN_TYPE = YES_ERROR;
				GCC_WARN_UNDECLARED_SELECTOR = YES;
				GCC_WARN_UNINITIALIZED_AUTOS = YES_AGGRESSIVE;
				GCC_WARN_UNUSED_FUNCTION = YES;
				GCC_WARN_UNUSED_VARIABLE = YES;
				IPHONEOS_DEPLOYMENT_TARGET = 16.4;
				MTL_ENABLE_DEBUG_INFO = INCLUDE_SOURCE;
				MTL_FAST_MATH = YES;
				ONLY_ACTIVE_ARCH = YES;
				SDKROOT = iphoneos;
				SWIFT_ACTIVE_COMPILATION_CONDITIONS = DEBUG;
				SWIFT_OPTIMIZATION_LEVEL = "-Onone";
			};
			name = Debug;
		};
		364392BF2B6040D500947EB8 /* Release */ = {
			isa = XCBuildConfiguration;
			buildSettings = {
				ALWAYS_SEARCH_USER_PATHS = NO;
				CLANG_ANALYZER_NONNULL = YES;
				CLANG_ANALYZER_NUMBER_OBJECT_CONVERSION = YES_AGGRESSIVE;
				CLANG_CXX_LANGUAGE_STANDARD = "gnu++20";
				CLANG_ENABLE_MODULES = YES;
				CLANG_ENABLE_OBJC_ARC = YES;
				CLANG_ENABLE_OBJC_WEAK = YES;
				CLANG_WARN_BLOCK_CAPTURE_AUTORELEASING = YES;
				CLANG_WARN_BOOL_CONVERSION = YES;
				CLANG_WARN_COMMA = YES;
				CLANG_WARN_CONSTANT_CONVERSION = YES;
				CLANG_WARN_DEPRECATED_OBJC_IMPLEMENTATIONS = YES;
				CLANG_WARN_DIRECT_OBJC_ISA_USAGE = YES_ERROR;
				CLANG_WARN_DOCUMENTATION_COMMENTS = YES;
				CLANG_WARN_EMPTY_BODY = YES;
				CLANG_WARN_ENUM_CONVERSION = YES;
				CLANG_WARN_INFINITE_RECURSION = YES;
				CLANG_WARN_INT_CONVERSION = YES;
				CLANG_WARN_NON_LITERAL_NULL_CONVERSION = YES;
				CLANG_WARN_OBJC_IMPLICIT_RETAIN_SELF = YES;
				CLANG_WARN_OBJC_LITERAL_CONVERSION = YES;
				CLANG_WARN_OBJC_ROOT_CLASS = YES_ERROR;
				CLANG_WARN_QUOTED_INCLUDE_IN_FRAMEWORK_HEADER = YES;
				CLANG_WARN_RANGE_LOOP_ANALYSIS = YES;
				CLANG_WARN_STRICT_PROTOTYPES = YES;
				CLANG_WARN_SUSPICIOUS_MOVE = YES;
				CLANG_WARN_UNGUARDED_AVAILABILITY = YES_AGGRESSIVE;
				CLANG_WARN_UNREACHABLE_CODE = YES;
				CLANG_WARN__DUPLICATE_METHOD_MATCH = YES;
				COPY_PHASE_STRIP = NO;
				DEBUG_INFORMATION_FORMAT = "dwarf-with-dsym";
				ENABLE_NS_ASSERTIONS = NO;
				ENABLE_STRICT_OBJC_MSGSEND = YES;
				GCC_C_LANGUAGE_STANDARD = gnu11;
				GCC_NO_COMMON_BLOCKS = YES;
				GCC_WARN_64_TO_32_BIT_CONVERSION = YES;
				GCC_WARN_ABOUT_RETURN_TYPE = YES_ERROR;
				GCC_WARN_UNDECLARED_SELECTOR = YES;
				GCC_WARN_UNINITIALIZED_AUTOS = YES_AGGRESSIVE;
				GCC_WARN_UNUSED_FUNCTION = YES;
				GCC_WARN_UNUSED_VARIABLE = YES;
				IPHONEOS_DEPLOYMENT_TARGET = 16.4;
				MTL_ENABLE_DEBUG_INFO = NO;
				MTL_FAST_MATH = YES;
				SDKROOT = iphoneos;
				SWIFT_COMPILATION_MODE = wholemodule;
				SWIFT_OPTIMIZATION_LEVEL = "-O";
				VALIDATE_PRODUCT = YES;
			};
			name = Release;
		};
		364392C12B6040D500947EB8 /* Debug */ = {
			isa = XCBuildConfiguration;
			buildSettings = {
				ASSETCATALOG_COMPILER_APPICON_NAME = AppIcon;
				ASSETCATALOG_COMPILER_GLOBAL_ACCENT_COLOR_NAME = AccentColor;
				CODE_SIGN_STYLE = Automatic;
				CURRENT_PROJECT_VERSION = 1;
				DEVELOPMENT_ASSET_PATHS = "\"AudioBooks/Preview Content\"";
				DEVELOPMENT_TEAM = 3YC9U85QZD;
				ENABLE_PREVIEWS = YES;
				GENERATE_INFOPLIST_FILE = YES;
				INFOPLIST_KEY_UIApplicationSceneManifest_Generation = YES;
				INFOPLIST_KEY_UIApplicationSupportsIndirectInputEvents = YES;
				INFOPLIST_KEY_UILaunchScreen_Generation = YES;
				INFOPLIST_KEY_UISupportedInterfaceOrientations_iPad = "UIInterfaceOrientationPortrait UIInterfaceOrientationPortraitUpsideDown UIInterfaceOrientationLandscapeLeft UIInterfaceOrientationLandscapeRight";
				INFOPLIST_KEY_UISupportedInterfaceOrientations_iPhone = "UIInterfaceOrientationPortrait UIInterfaceOrientationLandscapeLeft UIInterfaceOrientationLandscapeRight";
				LD_RUNPATH_SEARCH_PATHS = (
					"$(inherited)",
					"@executable_path/Frameworks",
				);
				MARKETING_VERSION = 1.0;
				PRODUCT_BUNDLE_IDENTIFIER = com.minhere.AudioBooks;
				PRODUCT_NAME = "$(TARGET_NAME)";
				SWIFT_EMIT_LOC_STRINGS = YES;
				SWIFT_VERSION = 5.0;
				TARGETED_DEVICE_FAMILY = "1,2";
			};
			name = Debug;
		};
		364392C22B6040D500947EB8 /* Release */ = {
			isa = XCBuildConfiguration;
			buildSettings = {
				ASSETCATALOG_COMPILER_APPICON_NAME = AppIcon;
				ASSETCATALOG_COMPILER_GLOBAL_ACCENT_COLOR_NAME = AccentColor;
				CODE_SIGN_STYLE = Automatic;
				CURRENT_PROJECT_VERSION = 1;
				DEVELOPMENT_ASSET_PATHS = "\"AudioBooks/Preview Content\"";
				DEVELOPMENT_TEAM = 3YC9U85QZD;
				ENABLE_PREVIEWS = YES;
				GENERATE_INFOPLIST_FILE = YES;
				INFOPLIST_KEY_UIApplicationSceneManifest_Generation = YES;
				INFOPLIST_KEY_UIApplicationSupportsIndirectInputEvents = YES;
				INFOPLIST_KEY_UILaunchScreen_Generation = YES;
				INFOPLIST_KEY_UISupportedInterfaceOrientations_iPad = "UIInterfaceOrientationPortrait UIInterfaceOrientationPortraitUpsideDown UIInterfaceOrientationLandscapeLeft UIInterfaceOrientationLandscapeRight";
				INFOPLIST_KEY_UISupportedInterfaceOrientations_iPhone = "UIInterfaceOrientationPortrait UIInterfaceOrientationLandscapeLeft UIInterfaceOrientationLandscapeRight";
				LD_RUNPATH_SEARCH_PATHS = (
					"$(inherited)",
					"@executable_path/Frameworks",
				);
				MARKETING_VERSION = 1.0;
				PRODUCT_BUNDLE_IDENTIFIER = com.minhere.AudioBooks;
				PRODUCT_NAME = "$(TARGET_NAME)";
				SWIFT_EMIT_LOC_STRINGS = YES;
				SWIFT_VERSION = 5.0;
				TARGETED_DEVICE_FAMILY = "1,2";
			};
			name = Release;
		};
/* End XCBuildConfiguration section */

/* Begin XCConfigurationList section */
		364392AD2B6040D300947EB8 /* Build configuration list for PBXProject "AudioBooks" */ = {
			isa = XCConfigurationList;
			buildConfigurations = (
				364392BE2B6040D500947EB8 /* Debug */,
				364392BF2B6040D500947EB8 /* Release */,
			);
			defaultConfigurationIsVisible = 0;
			defaultConfigurationName = Release;
		};
		364392C02B6040D500947EB8 /* Build configuration list for PBXNativeTarget "AudioBooks" */ = {
			isa = XCConfigurationList;
			buildConfigurations = (
				364392C12B6040D500947EB8 /* Debug */,
				364392C22B6040D500947EB8 /* Release */,
			);
			defaultConfigurationIsVisible = 0;
			defaultConfigurationName = Release;
		};
/* End XCConfigurationList section */
	};
	rootObject = 364392AA2B6040D300947EB8 /* Project object */;
}
